// !$*UTF8*$!
{
	archiveVersion = 1;
	classes = {
	};
	objectVersion = 44;
	objects = {

/* Begin PBXBuildFile section */
		0091D8F90E81B9330029341E /* OpenGL.framework in Frameworks */ = {isa = PBXBuildFile; fileRef = 0091D8F80E81B9330029341E /* OpenGL.framework */; };
		0097E3E50F3E9819005A4392 /* QuickTime.framework in Frameworks */ = {isa = PBXBuildFile; fileRef = 0097E3E40F3E9819005A4392 /* QuickTime.framework */; };
		00B784B30FF439BC000DE1D7 /* Accelerate.framework in Frameworks */ = {isa = PBXBuildFile; fileRef = 00B784AF0FF439BC000DE1D7 /* Accelerate.framework */; };
		00B784B40FF439BC000DE1D7 /* AudioToolbox.framework in Frameworks */ = {isa = PBXBuildFile; fileRef = 00B784B00FF439BC000DE1D7 /* AudioToolbox.framework */; };
		00B784B50FF439BC000DE1D7 /* AudioUnit.framework in Frameworks */ = {isa = PBXBuildFile; fileRef = 00B784B10FF439BC000DE1D7 /* AudioUnit.framework */; };
		00B784B60FF439BC000DE1D7 /* CoreAudio.framework in Frameworks */ = {isa = PBXBuildFile; fileRef = 00B784B20FF439BC000DE1D7 /* CoreAudio.framework */; };
		00BAE65A0E7ED9C10018A608 /* LightIndexedDeferredRenderingApp.cpp in Sources */ = {isa = PBXBuildFile; fileRef = 00BAE6590E7ED9C10018A608 /* LightIndexedDeferredRenderingApp.cpp */; };
		00CCAF15116A9FEE008396D5 /* CinderApp.icns in Resources */ = {isa = PBXBuildFile; fileRef = 00CCAF14116A9FEE008396D5 /* CinderApp.icns */; };
		5323E6B20EAFCA74003A9687 /* CoreVideo.framework in Frameworks */ = {isa = PBXBuildFile; fileRef = 5323E6B10EAFCA74003A9687 /* CoreVideo.framework */; };
		5323E6B60EAFCA7E003A9687 /* QTKit.framework in Frameworks */ = {isa = PBXBuildFile; fileRef = 5323E6B50EAFCA7E003A9687 /* QTKit.framework */; };
		53E3CDFC0E86099300238D2B /* Carbon.framework in Frameworks */ = {isa = PBXBuildFile; fileRef = 53E3CDFB0E86099300238D2B /* Carbon.framework */; };
		8D11072F0486CEB800E47090 /* Cocoa.framework in Frameworks */ = {isa = PBXBuildFile; fileRef = 1058C7A1FEA54F0111CA2CBB /* Cocoa.framework */; };
		D3BA6F1712D382A2009A6ACC /* LightIndex.cpp in Sources */ = {isa = PBXBuildFile; fileRef = D3BA6F1612D382A2009A6ACC /* LightIndex.cpp */; };
		D3BA6F4012D397EE009A6ACC /* World.cpp in Sources */ = {isa = PBXBuildFile; fileRef = D3BA6F3F12D397EE009A6ACC /* World.cpp */; };
		D3BA6F5B12D39887009A6ACC /* BlurHorizontal.frag in Sources */ = {isa = PBXBuildFile; fileRef = D3BA6F5612D39887009A6ACC /* BlurHorizontal.frag */; };
		D3BA6F5C12D39887009A6ACC /* BlurVertical.frag in Sources */ = {isa = PBXBuildFile; fileRef = D3BA6F5712D39887009A6ACC /* BlurVertical.frag */; };
		D3BA6F5D12D39887009A6ACC /* Lighting.frag in Sources */ = {isa = PBXBuildFile; fileRef = D3BA6F5812D39887009A6ACC /* Lighting.frag */; };
		D3BA6F5E12D39887009A6ACC /* Lighting.vert in Sources */ = {isa = PBXBuildFile; fileRef = D3BA6F5912D39887009A6ACC /* Lighting.vert */; };
		D3BA6F5F12D39887009A6ACC /* PassThru.vert in Sources */ = {isa = PBXBuildFile; fileRef = D3BA6F5A12D39887009A6ACC /* PassThru.vert */; };
		D3BA6F6012D3988C009A6ACC /* BlurHorizontal.frag in Resources */ = {isa = PBXBuildFile; fileRef = D3BA6F5612D39887009A6ACC /* BlurHorizontal.frag */; };
		D3BA6F6112D3988C009A6ACC /* BlurVertical.frag in Resources */ = {isa = PBXBuildFile; fileRef = D3BA6F5712D39887009A6ACC /* BlurVertical.frag */; };
		D3BA6F6212D3988C009A6ACC /* Lighting.frag in Resources */ = {isa = PBXBuildFile; fileRef = D3BA6F5812D39887009A6ACC /* Lighting.frag */; };
		D3BA6F6312D3988C009A6ACC /* Lighting.vert in Resources */ = {isa = PBXBuildFile; fileRef = D3BA6F5912D39887009A6ACC /* Lighting.vert */; };
		D3BA6F6412D3988C009A6ACC /* PassThru.vert in Resources */ = {isa = PBXBuildFile; fileRef = D3BA6F5A12D39887009A6ACC /* PassThru.vert */; };
		D3BA6FBA12D39CFF009A6ACC /* Simplex.cpp in Sources */ = {isa = PBXBuildFile; fileRef = D3BA6FB912D39CFF009A6ACC /* Simplex.cpp */; };
		D3BA714D12D3C25C009A6ACC /* Color.frag in Sources */ = {isa = PBXBuildFile; fileRef = D3BA714C12D3C25C009A6ACC /* Color.frag */; };
		D3BA714F12D3C267009A6ACC /* Color.vert in Sources */ = {isa = PBXBuildFile; fileRef = D3BA714E12D3C267009A6ACC /* Color.vert */; };
		D3BA715012D3C336009A6ACC /* Color.frag in Resources */ = {isa = PBXBuildFile; fileRef = D3BA714C12D3C25C009A6ACC /* Color.frag */; };
		D3BA715112D3C338009A6ACC /* Color.vert in Resources */ = {isa = PBXBuildFile; fileRef = D3BA714E12D3C267009A6ACC /* Color.vert */; };
		D3BA720E12D4F5E1009A6ACC /* Position.vert in Sources */ = {isa = PBXBuildFile; fileRef = D3BA720D12D4F5E1009A6ACC /* Position.vert */; };
		D3BA720F12D4F5E4009A6ACC /* Position.vert in Resources */ = {isa = PBXBuildFile; fileRef = D3BA720D12D4F5E1009A6ACC /* Position.vert */; };
		D3BA721912D4F614009A6ACC /* Position.frag in Sources */ = {isa = PBXBuildFile; fileRef = D3BA721812D4F614009A6ACC /* Position.frag */; };
		D3BA721A12D4F61E009A6ACC /* Position.frag in Resources */ = {isa = PBXBuildFile; fileRef = D3BA721812D4F614009A6ACC /* Position.frag */; };
/* End PBXBuildFile section */

/* Begin PBXFileReference section */
		0091D8F80E81B9330029341E /* OpenGL.framework */ = {isa = PBXFileReference; lastKnownFileType = wrapper.framework; name = OpenGL.framework; path = /System/Library/Frameworks/OpenGL.framework; sourceTree = "<absolute>"; };
		0097E3E40F3E9819005A4392 /* QuickTime.framework */ = {isa = PBXFileReference; lastKnownFileType = wrapper.framework; name = QuickTime.framework; path = /System/Library/Frameworks/QuickTime.framework; sourceTree = "<absolute>"; };
		00B784AF0FF439BC000DE1D7 /* Accelerate.framework */ = {isa = PBXFileReference; lastKnownFileType = wrapper.framework; name = Accelerate.framework; path = System/Library/Frameworks/Accelerate.framework; sourceTree = SDKROOT; };
		00B784B00FF439BC000DE1D7 /* AudioToolbox.framework */ = {isa = PBXFileReference; lastKnownFileType = wrapper.framework; name = AudioToolbox.framework; path = System/Library/Frameworks/AudioToolbox.framework; sourceTree = SDKROOT; };
		00B784B10FF439BC000DE1D7 /* AudioUnit.framework */ = {isa = PBXFileReference; lastKnownFileType = wrapper.framework; name = AudioUnit.framework; path = System/Library/Frameworks/AudioUnit.framework; sourceTree = SDKROOT; };
		00B784B20FF439BC000DE1D7 /* CoreAudio.framework */ = {isa = PBXFileReference; lastKnownFileType = wrapper.framework; name = CoreAudio.framework; path = System/Library/Frameworks/CoreAudio.framework; sourceTree = SDKROOT; };
		00BAE6590E7ED9C10018A608 /* LightIndexedDeferredRenderingApp.cpp */ = {isa = PBXFileReference; fileEncoding = 4; lastKnownFileType = sourcecode.cpp.cpp; name = LightIndexedDeferredRenderingApp.cpp; path = ../src/LightIndexedDeferredRenderingApp.cpp; sourceTree = SOURCE_ROOT; };
		00CCAF14116A9FEE008396D5 /* CinderApp.icns */ = {isa = PBXFileReference; lastKnownFileType = image.icns; name = CinderApp.icns; path = ../resources/CinderApp.icns; sourceTree = SOURCE_ROOT; };
		1058C7A1FEA54F0111CA2CBB /* Cocoa.framework */ = {isa = PBXFileReference; lastKnownFileType = wrapper.framework; name = Cocoa.framework; path = /System/Library/Frameworks/Cocoa.framework; sourceTree = "<absolute>"; };
		13E42FB307B3F0F600E4EEF1 /* CoreData.framework */ = {isa = PBXFileReference; lastKnownFileType = wrapper.framework; name = CoreData.framework; path = /System/Library/Frameworks/CoreData.framework; sourceTree = "<absolute>"; };
		29B97324FDCFA39411CA2CEA /* AppKit.framework */ = {isa = PBXFileReference; lastKnownFileType = wrapper.framework; name = AppKit.framework; path = /System/Library/Frameworks/AppKit.framework; sourceTree = "<absolute>"; };
		29B97325FDCFA39411CA2CEA /* Foundation.framework */ = {isa = PBXFileReference; lastKnownFileType = wrapper.framework; name = Foundation.framework; path = /System/Library/Frameworks/Foundation.framework; sourceTree = "<absolute>"; };
		32CA4F630368D1EE00C91783 /* LightIndexedDeferredRendering_Prefix.pch */ = {isa = PBXFileReference; fileEncoding = 4; lastKnownFileType = sourcecode.c.h; path = LightIndexedDeferredRendering_Prefix.pch; sourceTree = "<group>"; };
		5323E6B10EAFCA74003A9687 /* CoreVideo.framework */ = {isa = PBXFileReference; lastKnownFileType = wrapper.framework; name = CoreVideo.framework; path = /System/Library/Frameworks/CoreVideo.framework; sourceTree = "<absolute>"; };
		5323E6B50EAFCA7E003A9687 /* QTKit.framework */ = {isa = PBXFileReference; lastKnownFileType = wrapper.framework; name = QTKit.framework; path = /System/Library/Frameworks/QTKit.framework; sourceTree = "<absolute>"; };
		53E3CDFB0E86099300238D2B /* Carbon.framework */ = {isa = PBXFileReference; lastKnownFileType = wrapper.framework; name = Carbon.framework; path = /System/Library/Frameworks/Carbon.framework; sourceTree = "<absolute>"; };
		8D1107310486CEB800E47090 /* Info.plist */ = {isa = PBXFileReference; fileEncoding = 4; lastKnownFileType = text.plist.xml; path = Info.plist; sourceTree = "<group>"; };
		8D1107320486CEB800E47090 /* LightIndexedDeferredRendering.app */ = {isa = PBXFileReference; explicitFileType = wrapper.application; includeInIndex = 0; path = LightIndexedDeferredRendering.app; sourceTree = BUILT_PRODUCTS_DIR; };
		D3BA6F1212D38299009A6ACC /* LightIndex.h */ = {isa = PBXFileReference; fileEncoding = 4; lastKnownFileType = sourcecode.c.h; name = LightIndex.h; path = ../include/LightIndex.h; sourceTree = SOURCE_ROOT; };
		D3BA6F1312D38299009A6ACC /* Resources.h */ = {isa = PBXFileReference; fileEncoding = 4; lastKnownFileType = sourcecode.c.h; name = Resources.h; path = ../include/Resources.h; sourceTree = SOURCE_ROOT; };
		D3BA6F1612D382A2009A6ACC /* LightIndex.cpp */ = {isa = PBXFileReference; fileEncoding = 4; lastKnownFileType = sourcecode.cpp.cpp; name = LightIndex.cpp; path = ../src/LightIndex.cpp; sourceTree = SOURCE_ROOT; };
		D3BA6F3E12D397E7009A6ACC /* World.h */ = {isa = PBXFileReference; fileEncoding = 4; lastKnownFileType = sourcecode.c.h; name = World.h; path = ../include/World.h; sourceTree = SOURCE_ROOT; };
		D3BA6F3F12D397EE009A6ACC /* World.cpp */ = {isa = PBXFileReference; fileEncoding = 4; lastKnownFileType = sourcecode.cpp.cpp; name = World.cpp; path = ../src/World.cpp; sourceTree = SOURCE_ROOT; };
		D3BA6F5612D39887009A6ACC /* BlurHorizontal.frag */ = {isa = PBXFileReference; fileEncoding = 4; lastKnownFileType = sourcecode.glsl; name = BlurHorizontal.frag; path = ../resources/BlurHorizontal.frag; sourceTree = SOURCE_ROOT; };
		D3BA6F5712D39887009A6ACC /* BlurVertical.frag */ = {isa = PBXFileReference; fileEncoding = 4; lastKnownFileType = sourcecode.glsl; name = BlurVertical.frag; path = ../resources/BlurVertical.frag; sourceTree = SOURCE_ROOT; };
		D3BA6F5812D39887009A6ACC /* Lighting.frag */ = {isa = PBXFileReference; fileEncoding = 4; lastKnownFileType = sourcecode.glsl; name = Lighting.frag; path = ../resources/Lighting.frag; sourceTree = SOURCE_ROOT; };
		D3BA6F5912D39887009A6ACC /* Lighting.vert */ = {isa = PBXFileReference; fileEncoding = 4; lastKnownFileType = sourcecode.glsl; name = Lighting.vert; path = ../resources/Lighting.vert; sourceTree = SOURCE_ROOT; };
		D3BA6F5A12D39887009A6ACC /* PassThru.vert */ = {isa = PBXFileReference; fileEncoding = 4; lastKnownFileType = sourcecode.glsl; name = PassThru.vert; path = ../resources/PassThru.vert; sourceTree = SOURCE_ROOT; };
		D3BA6FB912D39CFF009A6ACC /* Simplex.cpp */ = {isa = PBXFileReference; fileEncoding = 4; lastKnownFileType = sourcecode.cpp.cpp; name = Simplex.cpp; path = ../src/Simplex.cpp; sourceTree = SOURCE_ROOT; };
		D3BA6FBB12D39D56009A6ACC /* Simplex.h */ = {isa = PBXFileReference; fileEncoding = 4; lastKnownFileType = sourcecode.c.h; name = Simplex.h; path = ../include/Simplex.h; sourceTree = SOURCE_ROOT; };
		D3BA714C12D3C25C009A6ACC /* Color.frag */ = {isa = PBXFileReference; fileEncoding = 4; lastKnownFileType = sourcecode.glsl; name = Color.frag; path = ../resources/Color.frag; sourceTree = SOURCE_ROOT; };
		D3BA714E12D3C267009A6ACC /* Color.vert */ = {isa = PBXFileReference; fileEncoding = 4; lastKnownFileType = sourcecode.glsl; name = Color.vert; path = ../resources/Color.vert; sourceTree = SOURCE_ROOT; };
		D3BA720D12D4F5E1009A6ACC /* Position.vert */ = {isa = PBXFileReference; fileEncoding = 4; lastKnownFileType = sourcecode.glsl; name = Position.vert; path = ../resources/Position.vert; sourceTree = SOURCE_ROOT; };
		D3BA721812D4F614009A6ACC /* Position.frag */ = {isa = PBXFileReference; fileEncoding = 4; lastKnownFileType = sourcecode.glsl; name = Position.frag; path = ../resources/Position.frag; sourceTree = SOURCE_ROOT; };
/* End PBXFileReference section */

/* Begin PBXFrameworksBuildPhase section */
		8D11072E0486CEB800E47090 /* Frameworks */ = {
			isa = PBXFrameworksBuildPhase;
			buildActionMask = 2147483647;
			files = (
				8D11072F0486CEB800E47090 /* Cocoa.framework in Frameworks */,
				0091D8F90E81B9330029341E /* OpenGL.framework in Frameworks */,
				53E3CDFC0E86099300238D2B /* Carbon.framework in Frameworks */,
				5323E6B20EAFCA74003A9687 /* CoreVideo.framework in Frameworks */,
				5323E6B60EAFCA7E003A9687 /* QTKit.framework in Frameworks */,
				0097E3E50F3E9819005A4392 /* QuickTime.framework in Frameworks */,
				00B784B30FF439BC000DE1D7 /* Accelerate.framework in Frameworks */,
				00B784B40FF439BC000DE1D7 /* AudioToolbox.framework in Frameworks */,
				00B784B50FF439BC000DE1D7 /* AudioUnit.framework in Frameworks */,
				00B784B60FF439BC000DE1D7 /* CoreAudio.framework in Frameworks */,
			);
			runOnlyForDeploymentPostprocessing = 0;
		};
/* End PBXFrameworksBuildPhase section */

/* Begin PBXGroup section */
		080E96DDFE201D6D7F000001 /* Source */ = {
			isa = PBXGroup;
			children = (
				D3BA6F3F12D397EE009A6ACC /* World.cpp */,
				D3BA6F1612D382A2009A6ACC /* LightIndex.cpp */,
				00BAE6590E7ED9C10018A608 /* LightIndexedDeferredRenderingApp.cpp */,
				D3BA6FB912D39CFF009A6ACC /* Simplex.cpp */,
			);
			name = Source;
			sourceTree = "<group>";
		};
		1058C7A0FEA54F0111CA2CBB /* Linked Frameworks */ = {
			isa = PBXGroup;
			children = (
				00B784AF0FF439BC000DE1D7 /* Accelerate.framework */,
				00B784B00FF439BC000DE1D7 /* AudioToolbox.framework */,
				00B784B10FF439BC000DE1D7 /* AudioUnit.framework */,
				00B784B20FF439BC000DE1D7 /* CoreAudio.framework */,
				0097E3E40F3E9819005A4392 /* QuickTime.framework */,
				5323E6B50EAFCA7E003A9687 /* QTKit.framework */,
				5323E6B10EAFCA74003A9687 /* CoreVideo.framework */,
				53E3CDFB0E86099300238D2B /* Carbon.framework */,
				0091D8F80E81B9330029341E /* OpenGL.framework */,
				1058C7A1FEA54F0111CA2CBB /* Cocoa.framework */,
			);
			name = "Linked Frameworks";
			sourceTree = "<group>";
		};
		1058C7A2FEA54F0111CA2CBB /* Other Frameworks */ = {
			isa = PBXGroup;
			children = (
				29B97324FDCFA39411CA2CEA /* AppKit.framework */,
				13E42FB307B3F0F600E4EEF1 /* CoreData.framework */,
				29B97325FDCFA39411CA2CEA /* Foundation.framework */,
			);
			name = "Other Frameworks";
			sourceTree = "<group>";
		};
		19C28FACFE9D520D11CA2CBB /* Products */ = {
			isa = PBXGroup;
			children = (
				8D1107320486CEB800E47090 /* LightIndexedDeferredRendering.app */,
			);
			name = Products;
			sourceTree = "<group>";
		};
		29B97314FDCFA39411CA2CEA /* LightIndexedDeferredRendering */ = {
			isa = PBXGroup;
			children = (
				29B97315FDCFA39411CA2CEA /* Headers */,
				080E96DDFE201D6D7F000001 /* Source */,
				29B97317FDCFA39411CA2CEA /* Resources */,
				29B97323FDCFA39411CA2CEA /* Frameworks */,
				19C28FACFE9D520D11CA2CBB /* Products */,
			);
			name = LightIndexedDeferredRendering;
			sourceTree = "<group>";
		};
		29B97315FDCFA39411CA2CEA /* Headers */ = {
			isa = PBXGroup;
			children = (
				D3BA6FBB12D39D56009A6ACC /* Simplex.h */,
				D3BA6F3E12D397E7009A6ACC /* World.h */,
				D3BA6F1212D38299009A6ACC /* LightIndex.h */,
				D3BA6F1312D38299009A6ACC /* Resources.h */,
				32CA4F630368D1EE00C91783 /* LightIndexedDeferredRendering_Prefix.pch */,
			);
			name = Headers;
			sourceTree = "<group>";
		};
		29B97317FDCFA39411CA2CEA /* Resources */ = {
			isa = PBXGroup;
			children = (
				D3BA721812D4F614009A6ACC /* Position.frag */,
				D3BA714E12D3C267009A6ACC /* Color.vert */,
				D3BA6F5612D39887009A6ACC /* BlurHorizontal.frag */,
				D3BA6F5712D39887009A6ACC /* BlurVertical.frag */,
				D3BA6F5812D39887009A6ACC /* Lighting.frag */,
				D3BA6F5912D39887009A6ACC /* Lighting.vert */,
				D3BA6F5A12D39887009A6ACC /* PassThru.vert */,
				8D1107310486CEB800E47090 /* Info.plist */,
				00CCAF14116A9FEE008396D5 /* CinderApp.icns */,
				D3BA714C12D3C25C009A6ACC /* Color.frag */,
				D3BA720D12D4F5E1009A6ACC /* Position.vert */,
			);
			name = Resources;
			sourceTree = "<group>";
		};
		29B97323FDCFA39411CA2CEA /* Frameworks */ = {
			isa = PBXGroup;
			children = (
				1058C7A0FEA54F0111CA2CBB /* Linked Frameworks */,
				1058C7A2FEA54F0111CA2CBB /* Other Frameworks */,
			);
			name = Frameworks;
			sourceTree = "<group>";
		};
/* End PBXGroup section */

/* Begin PBXNativeTarget section */
		8D1107260486CEB800E47090 /* LightIndexedDeferredRendering */ = {
			isa = PBXNativeTarget;
			buildConfigurationList = C01FCF4A08A954540054247B /* Build configuration list for PBXNativeTarget "LightIndexedDeferredRendering" */;
			buildPhases = (
				8D1107290486CEB800E47090 /* Resources */,
				8D11072C0486CEB800E47090 /* Sources */,
				8D11072E0486CEB800E47090 /* Frameworks */,
			);
			buildRules = (
			);
			dependencies = (
			);
			name = LightIndexedDeferredRendering;
			productInstallPath = "$(HOME)/Applications";
			productName = LightIndexedDeferredRendering;
			productReference = 8D1107320486CEB800E47090 /* LightIndexedDeferredRendering.app */;
			productType = "com.apple.product-type.application";
		};
/* End PBXNativeTarget section */

/* Begin PBXProject section */
		29B97313FDCFA39411CA2CEA /* Project object */ = {
			isa = PBXProject;
			buildConfigurationList = C01FCF4E08A954540054247B /* Build configuration list for PBXProject "LightIndexedDeferredRendering" */;
			compatibilityVersion = "Xcode 3.0";
			hasScannedForEncodings = 1;
			mainGroup = 29B97314FDCFA39411CA2CEA /* LightIndexedDeferredRendering */;
			projectDirPath = "";
			projectRoot = "";
			targets = (
				8D1107260486CEB800E47090 /* LightIndexedDeferredRendering */,
			);
		};
/* End PBXProject section */

/* Begin PBXResourcesBuildPhase section */
		8D1107290486CEB800E47090 /* Resources */ = {
			isa = PBXResourcesBuildPhase;
			buildActionMask = 2147483647;
			files = (
				D3BA720F12D4F5E4009A6ACC /* Position.vert in Resources */,
				D3BA721A12D4F61E009A6ACC /* Position.frag in Resources */,
				D3BA715112D3C338009A6ACC /* Color.vert in Resources */,
				D3BA715012D3C336009A6ACC /* Color.frag in Resources */,
				D3BA6F6012D3988C009A6ACC /* BlurHorizontal.frag in Resources */,
				D3BA6F6112D3988C009A6ACC /* BlurVertical.frag in Resources */,
				D3BA6F6312D3988C009A6ACC /* Lighting.vert in Resources */,
				D3BA6F6212D3988C009A6ACC /* Lighting.frag in Resources */,
				D3BA6F6412D3988C009A6ACC /* PassThru.vert in Resources */,
				00CCAF15116A9FEE008396D5 /* CinderApp.icns in Resources */,
			);
			runOnlyForDeploymentPostprocessing = 0;
		};
/* End PBXResourcesBuildPhase section */

/* Begin PBXSourcesBuildPhase section */
		8D11072C0486CEB800E47090 /* Sources */ = {
			isa = PBXSourcesBuildPhase;
			buildActionMask = 2147483647;
			files = (
				00BAE65A0E7ED9C10018A608 /* LightIndexedDeferredRenderingApp.cpp in Sources */,
				D3BA6F1712D382A2009A6ACC /* LightIndex.cpp in Sources */,
				D3BA6F4012D397EE009A6ACC /* World.cpp in Sources */,
				D3BA6F5B12D39887009A6ACC /* BlurHorizontal.frag in Sources */,
				D3BA6F5C12D39887009A6ACC /* BlurVertical.frag in Sources */,
				D3BA6F5D12D39887009A6ACC /* Lighting.frag in Sources */,
				D3BA6F5E12D39887009A6ACC /* Lighting.vert in Sources */,
				D3BA6F5F12D39887009A6ACC /* PassThru.vert in Sources */,
				D3BA6FBA12D39CFF009A6ACC /* Simplex.cpp in Sources */,
				D3BA714D12D3C25C009A6ACC /* Color.frag in Sources */,
				D3BA714F12D3C267009A6ACC /* Color.vert in Sources */,
				D3BA720E12D4F5E1009A6ACC /* Position.vert in Sources */,
				D3BA721912D4F614009A6ACC /* Position.frag in Sources */,
			);
			runOnlyForDeploymentPostprocessing = 0;
		};
/* End PBXSourcesBuildPhase section */

/* Begin XCBuildConfiguration section */
		C01FCF4B08A954540054247B /* Debug */ = {
			isa = XCBuildConfiguration;
			buildSettings = {
				CINDER_PATH = ../../../libs/cinder_0.8.2_mac;
				COPY_PHASE_STRIP = NO;
				GCC_DYNAMIC_NO_PIC = NO;
				GCC_ENABLE_FIX_AND_CONTINUE = YES;
				GCC_INLINES_ARE_PRIVATE_EXTERN = YES;
				GCC_MODEL_TUNING = G5;
				GCC_OPTIMIZATION_LEVEL = 0;
				GCC_PRECOMPILE_PREFIX_HEADER = YES;
				GCC_PREFIX_HEADER = LightIndexedDeferredRendering_Prefix.pch;
				GCC_SYMBOLS_PRIVATE_EXTERN = NO;
				INFOPLIST_FILE = Info.plist;
				INSTALL_PATH = "$(HOME)/Applications";
				OTHER_LDFLAGS = "\"$(CINDER_PATH)/lib/libcinder_d.a\"";
				PRODUCT_NAME = LightIndexedDeferredRendering;
				WRAPPER_EXTENSION = app;
			};
			name = Debug;
		};
		C01FCF4C08A954540054247B /* Release */ = {
			isa = XCBuildConfiguration;
			buildSettings = {
				DEAD_CODE_STRIPPING = YES;
				DEBUG_INFORMATION_FORMAT = "dwarf-with-dsym";
				GCC_FAST_MATH = YES;
				GCC_GENERATE_DEBUGGING_SYMBOLS = NO;
				GCC_INLINES_ARE_PRIVATE_EXTERN = YES;
				GCC_MODEL_TUNING = G5;
				GCC_OPTIMIZATION_LEVEL = 3;
				GCC_PRECOMPILE_PREFIX_HEADER = YES;
				GCC_PREFIX_HEADER = LightIndexedDeferredRendering_Prefix.pch;
				GCC_SYMBOLS_PRIVATE_EXTERN = NO;
				INFOPLIST_FILE = Info.plist;
				INSTALL_PATH = "$(HOME)/Applications";
				OTHER_LDFLAGS = "\"$(CINDER_PATH)/lib/libcinder.a\"";
				PRODUCT_NAME = LightIndexedDeferredRendering;
				STRIP_INSTALLED_PRODUCT = YES;
				WRAPPER_EXTENSION = app;
			};
			name = Release;
		};
		C01FCF4F08A954540054247B /* Debug */ = {
			isa = XCBuildConfiguration;
			buildSettings = {
				ALWAYS_SEARCH_USER_PATHS = NO;
				ARCHS = i386;
				CINDER_PATH = ../../libs/cinder_0.8.2_mac;
				GCC_WARN_ABOUT_RETURN_TYPE = YES;
				GCC_WARN_UNUSED_VARIABLE = YES;
				HEADER_SEARCH_PATHS = "\"$(CINDER_PATH)/boost\"";
				MACOSX_DEPLOYMENT_TARGET = 10.5;
				PREBINDING = NO;
				SDKROOT = "$(DEVELOPER_SDK_DIR)/MacOSX10.6.sdk";
				USER_HEADER_SEARCH_PATHS = "\"$(CINDER_PATH)/include\" ../include";
			};
			name = Debug;
		};
		C01FCF5008A954540054247B /* Release */ = {
			isa = XCBuildConfiguration;
			buildSettings = {
				ALWAYS_SEARCH_USER_PATHS = NO;
				ARCHS = i386;
				CINDER_PATH = ../../libs/cinder_0.8.2_mac;
				GCC_WARN_ABOUT_RETURN_TYPE = YES;
				GCC_WARN_UNUSED_VARIABLE = YES;
				HEADER_SEARCH_PATHS = "\"$(CINDER_PATH)/boost\"";
				MACOSX_DEPLOYMENT_TARGET = 10.5;
				PREBINDING = NO;
				SDKROOT = "$(DEVELOPER_SDK_DIR)/MacOSX10.6.sdk";
				USER_HEADER_SEARCH_PATHS = "\"$(CINDER_PATH)/include\" ../include";
			};
			name = Release;
		};
/* End XCBuildConfiguration section */

/* Begin XCConfigurationList section */
		C01FCF4A08A954540054247B /* Build configuration list for PBXNativeTarget "LightIndexedDeferredRendering" */ = {
			isa = XCConfigurationList;
			buildConfigurations = (
				C01FCF4B08A954540054247B /* Debug */,
				C01FCF4C08A954540054247B /* Release */,
			);
			defaultConfigurationIsVisible = 0;
			defaultConfigurationName = Release;
		};
		C01FCF4E08A954540054247B /* Build configuration list for PBXProject "LightIndexedDeferredRendering" */ = {
			isa = XCConfigurationList;
			buildConfigurations = (
				C01FCF4F08A954540054247B /* Debug */,
				C01FCF5008A954540054247B /* Release */,
			);
			defaultConfigurationIsVisible = 0;
			defaultConfigurationName = Release;
		};
/* End XCConfigurationList section */
	};
	rootObject = 29B97313FDCFA39411CA2CEA /* Project object */;
}
